
Microsoft Visual Studio Solution File, Format Version 12.00
# Visual Studio Version 16
VisualStudioVersion = 16.0.31613.86
MinimumVisualStudioVersion = 10.0.40219.1
Project("{2150E333-8FDC-42A3-9474-1A3956D46DE8}") = "src", "src", "{746F9539-55A6-46EC-8E46-1B37174F2338}"
EndProject
Project("{2150E333-8FDC-42A3-9474-1A3956D46DE8}") = "Services", "Services", "{18F23D5E-4608-4CCF-BB92-1668BF0FDA98}"
EndProject
Project("{2150E333-8FDC-42A3-9474-1A3956D46DE8}") = "Gateway", "Gateway", "{81B24CF9-2367-416F-AD86-A912A8234F50}"
EndProject
Project("{9A19103F-16F7-4668-BE54-9A1E7A4F7556}") = "PhoneGuide.Contacts", "PhoneGuide.Contacts\PhoneGuide.Contacts.csproj", "{F11D4379-D83D-4F82-95B5-D0E0F7D935C4}"
EndProject
Project("{2150E333-8FDC-42A3-9474-1A3956D46DE8}") = "Shared", "Shared", "{6AB7C68C-0994-4CBB-96C9-CD55A3B73FC5}"
EndProject
Project("{9A19103F-16F7-4668-BE54-9A1E7A4F7556}") = "PhoneGuide.Shared", "PhoneGuide.Shared\PhoneGuide.Shared.csproj", "{AA46BC8B-FEC7-4D34-A353-E5F8A37A7941}"
EndProject
Project("{9A19103F-16F7-4668-BE54-9A1E7A4F7556}") = "PhoneGuide.Reports", "PhoneGuide.Reports\PhoneGuide.Reports.csproj", "{02C6534A-19A7-4003-B35C-2ECD14172A8B}"
EndProject
Project("{2150E333-8FDC-42A3-9474-1A3956D46DE8}") = "WorkerServices", "WorkerServices", "{9C526D8E-DF1B-43CB-988D-E06D920168A7}"
EndProject
Project("{9A19103F-16F7-4668-BE54-9A1E7A4F7556}") = "PhoneGuide.GenerateExcel.WorkerService", "PhoneGuide.GenerateExcel.WorkerService\PhoneGuide.GenerateExcel.WorkerService.csproj", "{DC9E63F3-E48E-4F64-8D2B-EBCB8CAD6EB3}"
EndProject
Project("{9A19103F-16F7-4668-BE54-9A1E7A4F7556}") = "PhoneGuide.Gateway", "PhoneGuide.Gateway\PhoneGuide.Gateway.csproj", "{A97DCD71-F386-40AA-8340-AD8703138EAD}"
EndProject
Project("{2150E333-8FDC-42A3-9474-1A3956D46DE8}") = "Tests", "Tests", "{92F535F0-1C71-401B-BFB9-843B002AFB08}"
EndProject
Project("{FAE04EC0-301F-11D3-BF4B-00C04F79EFBC}") = "PhoneGuide.Tests", "PhoneGuide.Tests\PhoneGuide.Tests.csproj", "{BEC65F32-2A4B-469C-86D0-E4A52A88FE69}"
EndProject
Global
	GlobalSection(SolutionConfigurationPlatforms) = preSolution
		Debug|Any CPU = Debug|Any CPU
		Release|Any CPU = Release|Any CPU
	EndGlobalSection
	GlobalSection(ProjectConfigurationPlatforms) = postSolution
		{F11D4379-D83D-4F82-95B5-D0E0F7D935C4}.Debug|Any CPU.ActiveCfg = Debug|Any CPU
		{F11D4379-D83D-4F82-95B5-D0E0F7D935C4}.Debug|Any CPU.Build.0 = Debug|Any CPU
		{F11D4379-D83D-4F82-95B5-D0E0F7D935C4}.Release|Any CPU.ActiveCfg = Release|Any CPU
		{F11D4379-D83D-4F82-95B5-D0E0F7D935C4}.Release|Any CPU.Build.0 = Release|Any CPU
		{AA46BC8B-FEC7-4D34-A353-E5F8A37A7941}.Debug|Any CPU.ActiveCfg = Debug|Any CPU
		{AA46BC8B-FEC7-4D34-A353-E5F8A37A7941}.Debug|Any CPU.Build.0 = Debug|Any CPU
		{AA46BC8B-FEC7-4D34-A353-E5F8A37A7941}.Release|Any CPU.ActiveCfg = Release|Any CPU
		{AA46BC8B-FEC7-4D34-A353-E5F8A37A7941}.Release|Any CPU.Build.0 = Release|Any CPU
		{02C6534A-19A7-4003-B35C-2ECD14172A8B}.Debug|Any CPU.ActiveCfg = Debug|Any CPU
		{02C6534A-19A7-4003-B35C-2ECD14172A8B}.Debug|Any CPU.Build.0 = Debug|Any CPU
		{02C6534A-19A7-4003-B35C-2ECD14172A8B}.Release|Any CPU.ActiveCfg = Release|Any CPU
		{02C6534A-19A7-4003-B35C-2ECD14172A8B}.Release|Any CPU.Build.0 = Release|Any CPU
		{DC9E63F3-E48E-4F64-8D2B-EBCB8CAD6EB3}.Debug|Any CPU.ActiveCfg = Debug|Any CPU
		{DC9E63F3-E48E-4F64-8D2B-EBCB8CAD6EB3}.Debug|Any CPU.Build.0 = Debug|Any CPU
		{DC9E63F3-E48E-4F64-8D2B-EBCB8CAD6EB3}.Release|Any CPU.ActiveCfg = Release|Any CPU
		{DC9E63F3-E48E-4F64-8D2B-EBCB8CAD6EB3}.Release|Any CPU.Build.0 = Release|Any CPU
		{A97DCD71-F386-40AA-8340-AD8703138EAD}.Debug|Any CPU.ActiveCfg = Debug|Any CPU
		{A97DCD71-F386-40AA-8340-AD8703138EAD}.Debug|Any CPU.Build.0 = Debug|Any CPU
		{A97DCD71-F386-40AA-8340-AD8703138EAD}.Release|Any CPU.ActiveCfg = Release|Any CPU
		{A97DCD71-F386-40AA-8340-AD8703138EAD}.Release|Any CPU.Build.0 = Release|Any CPU
		{BEC65F32-2A4B-469C-86D0-E4A52A88FE69}.Debug|Any CPU.ActiveCfg = Debug|Any CPU
		{BEC65F32-2A4B-469C-86D0-E4A52A88FE69}.Debug|Any CPU.Build.0 = Debug|Any CPU
		{BEC65F32-2A4B-469C-86D0-E4A52A88FE69}.Release|Any CPU.ActiveCfg = Release|Any CPU
		{BEC65F32-2A4B-469C-86D0-E4A52A88FE69}.Release|Any CPU.Build.0 = Release|Any CPU
	EndGlobalSection
	GlobalSection(SolutionProperties) = preSolution
		HideSolutionNode = FALSE
	EndGlobalSection
	GlobalSection(NestedProjects) = preSolution
		{18F23D5E-4608-4CCF-BB92-1668BF0FDA98} = {746F9539-55A6-46EC-8E46-1B37174F2338}
		{81B24CF9-2367-416F-AD86-A912A8234F50} = {746F9539-55A6-46EC-8E46-1B37174F2338}
		{F11D4379-D83D-4F82-95B5-D0E0F7D935C4} = {18F23D5E-4608-4CCF-BB92-1668BF0FDA98}
		{6AB7C68C-0994-4CBB-96C9-CD55A3B73FC5} = {746F9539-55A6-46EC-8E46-1B37174F2338}
		{AA46BC8B-FEC7-4D34-A353-E5F8A37A7941} = {6AB7C68C-0994-4CBB-96C9-CD55A3B73FC5}
		{02C6534A-19A7-4003-B35C-2ECD14172A8B} = {18F23D5E-4608-4CCF-BB92-1668BF0FDA98}
		{9C526D8E-DF1B-43CB-988D-E06D920168A7} = {746F9539-55A6-46EC-8E46-1B37174F2338}
		{DC9E63F3-E48E-4F64-8D2B-EBCB8CAD6EB3} = {9C526D8E-DF1B-43CB-988D-E06D920168A7}
		{A97DCD71-F386-40AA-8340-AD8703138EAD} = {81B24CF9-2367-416F-AD86-A912A8234F50}
		{92F535F0-1C71-401B-BFB9-843B002AFB08} = {746F9539-55A6-46EC-8E46-1B37174F2338}
		{BEC65F32-2A4B-469C-86D0-E4A52A88FE69} = {92F535F0-1C71-401B-BFB9-843B002AFB08}
	EndGlobalSection
	GlobalSection(ExtensibilityGlobals) = postSolution
		SolutionGuid = {4E2FB952-277E-417A-9C4E-C4D43A5E0CAB}
	EndGlobalSection
EndGlobal
